
Microsoft Visual Studio Solution File, Format Version 12.00
# Visual Studio Version 16
VisualStudioVersion = 16.0.28809.33
MinimumVisualStudioVersion = 10.0.40219.1
Project("{FAE04EC0-301F-11D3-BF4B-00C04F79EFBC}") = "RLUPKT.ConsoleApp", "ConsoleApp\RLUPKT.ConsoleApp.csproj", "{7CE64A3C-6FA7-41B0-A6E1-5E3359B7A185}"
EndProject
Project("{9A19103F-16F7-4668-BE54-9A1E7A4F7556}") = "RLUPKT.Core", "Core\RLUPKT.Core.csproj", "{9510381F-A17A-4846-ABA8-2004E341EED1}"
EndProject
Global
	GlobalSection(SolutionConfigurationPlatforms) = preSolution
		Debug|Any CPU = Debug|Any CPU
		DecompileDebug|Any CPU = DecompileDebug|Any CPU
		Publish|Any CPU = Publish|Any CPU
		Release|Any CPU = Release|Any CPU
	EndGlobalSection
	GlobalSection(ProjectConfigurationPlatforms) = postSolution
		{7CE64A3C-6FA7-41B0-A6E1-5E3359B7A185}.Debug|Any CPU.ActiveCfg = Debug|Any CPU
		{7CE64A3C-6FA7-41B0-A6E1-5E3359B7A185}.Debug|Any CPU.Build.0 = Debug|Any CPU
		{7CE64A3C-6FA7-41B0-A6E1-5E3359B7A185}.DecompileDebug|Any CPU.ActiveCfg = Debug|Any CPU
		{7CE64A3C-6FA7-41B0-A6E1-5E3359B7A185}.DecompileDebug|Any CPU.Build.0 = Debug|Any CPU
		{7CE64A3C-6FA7-41B0-A6E1-5E3359B7A185}.Publish|Any CPU.ActiveCfg = Release|Any CPU
		{7CE64A3C-6FA7-41B0-A6E1-5E3359B7A185}.Publish|Any CPU.Build.0 = Release|Any CPU
		{7CE64A3C-6FA7-41B0-A6E1-5E3359B7A185}.Release|Any CPU.ActiveCfg = Release|Any CPU
		{7CE64A3C-6FA7-41B0-A6E1-5E3359B7A185}.Release|Any CPU.Build.0 = Release|Any CPU
		{9510381F-A17A-4846-ABA8-2004E341EED1}.Debug|Any CPU.ActiveCfg = Debug|Any CPU
		{9510381F-A17A-4846-ABA8-2004E341EED1}.Debug|Any CPU.Build.0 = Debug|Any CPU
		{9510381F-A17A-4846-ABA8-2004E341EED1}.DecompileDebug|Any CPU.ActiveCfg = Debug|Any CPU
		{9510381F-A17A-4846-ABA8-2004E341EED1}.DecompileDebug|Any CPU.Build.0 = Debug|Any CPU
		{9510381F-A17A-4846-ABA8-2004E341EED1}.Publish|Any CPU.ActiveCfg = Debug|Any CPU
		{9510381F-A17A-4846-ABA8-2004E341EED1}.Publish|Any CPU.Build.0 = Debug|Any CPU
		{9510381F-A17A-4846-ABA8-2004E341EED1}.Release|Any CPU.ActiveCfg = Release|Any CPU
		{9510381F-A17A-4846-ABA8-2004E341EED1}.Release|Any CPU.Build.0 = Release|Any CPU
	EndGlobalSection
	GlobalSection(SolutionProperties) = preSolution
		HideSolutionNode = FALSE
	EndGlobalSection
	GlobalSection(ExtensibilityGlobals) = postSolution
		SolutionGuid = {556B3E72-F29E-489C-B051-AEC65BD900DF}
	EndGlobalSection
EndGlobal
